
Microsoft Visual Studio Solution File, Format Version 12.00
# Visual Studio Version 17
VisualStudioVersion = 17.2.32602.215
MinimumVisualStudioVersion = 10.0.40219.1
Project("{FAE04EC0-301F-11D3-BF4B-00C04F79EFBC}") = "JokesWebApp", "JokesWebApp.csproj", "{234E3A7F-42C2-43E4-BB30-DBB224B74F19}"
EndProject
Global
	GlobalSection(SolutionConfigurationPlatforms) = preSolution
		Debug|Any CPU = Debug|Any CPU
		Release|Any CPU = Release|Any CPU
	EndGlobalSection
	GlobalSection(ProjectConfigurationPlatforms) = postSolution
		{234E3A7F-42C2-43E4-BB30-DBB224B74F19}.Debug|Any CPU.ActiveCfg = Debug|Any CPU
		{234E3A7F-42C2-43E4-BB30-DBB224B74F19}.Debug|Any CPU.Build.0 = Debug|Any CPU
		{234E3A7F-42C2-43E4-BB30-DBB224B74F19}.Release|Any CPU.ActiveCfg = Release|Any CPU
		{234E3A7F-42C2-43E4-BB30-DBB224B74F19}.Release|Any CPU.Build.0 = Release|Any CPU
	EndGlobalSection
	GlobalSection(SolutionProperties) = preSolution
		HideSolutionNode = FALSE
	EndGlobalSection
	GlobalSection(ExtensibilityGlobals) = postSolution
		SolutionGuid = {70201E2C-6230-4F99-86F5-108B26795EA7}
	EndGlobalSection
EndGlobal
